// !$*UTF8*$!
{
	archiveVersion = 1;
	classes = {
	};
	objectVersion = 77;
	objects = {

/* Begin PBXBuildFile section */
		CE53F5D62E6B1F0B00BAE74B /* NSKTextFieldInputHandler.swift in Sources */ = {isa = PBXBuildFile; fileRef = CE53F5D42E6B1F0B00BAE74B /* NSKTextFieldInputHandler.swift */; };
		CE53F5D72E6B1F0B00BAE74B /* NSKTextFieldDelegate.swift in Sources */ = {isa = PBXBuildFile; fileRef = CE53F5D32E6B1F0B00BAE74B /* NSKTextFieldDelegate.swift */; };
		CE6C83A72E731D5D00CB2530 /* NSKTextViewDelegate.swift in Sources */ = {isa = PBXBuildFile; fileRef = CE6C83A62E731D5700CB2530 /* NSKTextViewDelegate.swift */; };
		CE6C83A92E73210D00CB2530 /* NSKTextViewInputHandler.swift in Sources */ = {isa = PBXBuildFile; fileRef = CE6C83A82E73210800CB2530 /* NSKTextViewInputHandler.swift */; };
		CED76A662E8038C400A2C7BD /* NSKTextInputInfo.swift in Sources */ = {isa = PBXBuildFile; fileRef = CED76A652E8038BC00A2C7BD /* NSKTextInputInfo.swift */; };
		CEEA3F4B2E689A6F003E9884 /* SwiftUIIntrospect-Dynamic in Frameworks */ = {isa = PBXBuildFile; productRef = CEEA3F4A2E689A6F003E9884 /* SwiftUIIntrospect-Dynamic */; };
		CEEA3F4E2E689AA5003E9884 /* SwiftUIIntrospect-Dynamic in Embed Frameworks */ = {isa = PBXBuildFile; productRef = CEEA3F4A2E689A6F003E9884 /* SwiftUIIntrospect-Dynamic */; };
/* End PBXBuildFile section */

/* Begin PBXCopyFilesBuildPhase section */
		CEEA3F4F2E689AA5003E9884 /* Embed Frameworks */ = {
			isa = PBXCopyFilesBuildPhase;
			buildActionMask = 2147483647;
			dstPath = "";
			dstSubfolderSpec = 10;
			files = (
				CEEA3F4E2E689AA5003E9884 /* SwiftUIIntrospect-Dynamic in Embed Frameworks */,
			);
			name = "Embed Frameworks";
			runOnlyForDeploymentPostprocessing = 0;
		};
/* End PBXCopyFilesBuildPhase section */

/* Begin PBXFileReference section */
		CE53F5D32E6B1F0B00BAE74B /* NSKTextFieldDelegate.swift */ = {isa = PBXFileReference; lastKnownFileType = sourcecode.swift; path = NSKTextFieldDelegate.swift; sourceTree = "<group>"; };
		CE53F5D42E6B1F0B00BAE74B /* NSKTextFieldInputHandler.swift */ = {isa = PBXFileReference; lastKnownFileType = sourcecode.swift; path = NSKTextFieldInputHandler.swift; sourceTree = "<group>"; };
		CE53F5D82E6B1F1F00BAE74B /* Package.swift */ = {isa = PBXFileReference; lastKnownFileType = sourcecode.swift; name = Package.swift; path = ../Package.swift; sourceTree = SOURCE_ROOT; };
		CE53F5D92E6B1F2A00BAE74B /* LICENSE */ = {isa = PBXFileReference; lastKnownFileType = text; name = LICENSE; path = ../LICENSE; sourceTree = SOURCE_ROOT; };
		CE53F5DA2E6B1F2A00BAE74B /* README.md */ = {isa = PBXFileReference; lastKnownFileType = net.daringfireball.markdown; name = README.md; path = ../README.md; sourceTree = SOURCE_ROOT; };
		CE6C83A62E731D5700CB2530 /* NSKTextViewDelegate.swift */ = {isa = PBXFileReference; lastKnownFileType = sourcecode.swift; path = NSKTextViewDelegate.swift; sourceTree = "<group>"; };
		CE6C83A82E73210800CB2530 /* NSKTextViewInputHandler.swift */ = {isa = PBXFileReference; lastKnownFileType = sourcecode.swift; path = NSKTextViewInputHandler.swift; sourceTree = "<group>"; };
		CED76A652E8038BC00A2C7BD /* NSKTextInputInfo.swift */ = {isa = PBXFileReference; lastKnownFileType = sourcecode.swift; path = NSKTextInputInfo.swift; sourceTree = "<group>"; };
		CEEA3F152E6898E2003E9884 /* NSKTextInputHandler.app */ = {isa = PBXFileReference; explicitFileType = wrapper.application; includeInIndex = 0; path = NSKTextInputHandler.app; sourceTree = BUILT_PRODUCTS_DIR; };
/* End PBXFileReference section */

/* Begin PBXFileSystemSynchronizedRootGroup section */
		CEEA3F172E6898E2003E9884 /* NSKTextInputHandler */ = {
			isa = PBXFileSystemSynchronizedRootGroup;
			path = NSKTextInputHandler;
			sourceTree = "<group>";
		};
/* End PBXFileSystemSynchronizedRootGroup section */

/* Begin PBXFrameworksBuildPhase section */
		CEEA3F122E6898E2003E9884 /* Frameworks */ = {
			isa = PBXFrameworksBuildPhase;
			buildActionMask = 2147483647;
			files = (
				CEEA3F4B2E689A6F003E9884 /* SwiftUIIntrospect-Dynamic in Frameworks */,
			);
			runOnlyForDeploymentPostprocessing = 0;
		};
/* End PBXFrameworksBuildPhase section */

/* Begin PBXGroup section */
		CE53F5D52E6B1F0B00BAE74B /* Sources */ = {
			isa = PBXGroup;
			children = (
				CED76A652E8038BC00A2C7BD /* NSKTextInputInfo.swift */,
				CE6C83A82E73210800CB2530 /* NSKTextViewInputHandler.swift */,
				CE6C83A62E731D5700CB2530 /* NSKTextViewDelegate.swift */,
				CE53F5D32E6B1F0B00BAE74B /* NSKTextFieldDelegate.swift */,
				CE53F5D42E6B1F0B00BAE74B /* NSKTextFieldInputHandler.swift */,
			);
			name = Sources;
			path = ../Sources;
			sourceTree = SOURCE_ROOT;
		};
		CEEA3F0C2E6898E2003E9884 = {
			isa = PBXGroup;
			children = (
				CE53F5D92E6B1F2A00BAE74B /* LICENSE */,
				CE53F5DA2E6B1F2A00BAE74B /* README.md */,
				CE53F5D82E6B1F1F00BAE74B /* Package.swift */,
				CE53F5D52E6B1F0B00BAE74B /* Sources */,
				CEEA3F172E6898E2003E9884 /* NSKTextInputHandler */,
				CEEA3F162E6898E2003E9884 /* Products */,
			);
			sourceTree = "<group>";
		};
		CEEA3F162E6898E2003E9884 /* Products */ = {
			isa = PBXGroup;
			children = (
				CEEA3F152E6898E2003E9884 /* NSKTextInputHandler.app */,
			);
			name = Products;
			sourceTree = "<group>";
		};
/* End PBXGroup section */

/* Begin PBXNativeTarget section */
		CEEA3F142E6898E2003E9884 /* NSKTextInputHandler */ = {
			isa = PBXNativeTarget;
			buildConfigurationList = CEEA3F202E6898E4003E9884 /* Build configuration list for PBXNativeTarget "NSKTextInputHandler" */;
			buildPhases = (
				CEEA3F112E6898E2003E9884 /* Sources */,
				CEEA3F122E6898E2003E9884 /* Frameworks */,
				CEEA3F132E6898E2003E9884 /* Resources */,
				CEEA3F4F2E689AA5003E9884 /* Embed Frameworks */,
			);
			buildRules = (
			);
			dependencies = (
			);
			fileSystemSynchronizedGroups = (
				CEEA3F172E6898E2003E9884 /* NSKTextInputHandler */,
			);
			name = NSKTextInputHandler;
			packageProductDependencies = (
				CEEA3F4A2E689A6F003E9884 /* SwiftUIIntrospect-Dynamic */,
			);
			productName = NSKTextInputHandler;
			productReference = CEEA3F152E6898E2003E9884 /* NSKTextInputHandler.app */;
			productType = "com.apple.product-type.application";
		};
/* End PBXNativeTarget section */

/* Begin PBXProject section */
		CEEA3F0D2E6898E2003E9884 /* Project object */ = {
			isa = PBXProject;
			attributes = {
				BuildIndependentTargetsInParallel = 1;
				LastSwiftUpdateCheck = 1640;
				LastUpgradeCheck = 1640;
				TargetAttributes = {
					CEEA3F142E6898E2003E9884 = {
						CreatedOnToolsVersion = 16.4;
					};
				};
			};
			buildConfigurationList = CEEA3F102E6898E2003E9884 /* Build configuration list for PBXProject "NSKTextInputHandler" */;
			developmentRegion = en;
			hasScannedForEncodings = 0;
			knownRegions = (
				en,
				Base,
			);
			mainGroup = CEEA3F0C2E6898E2003E9884;
			minimizedProjectReferenceProxies = 1;
			packageReferences = (
				CEEA3F472E689A6F003E9884 /* XCRemoteSwiftPackageReference "swiftui-introspect" */,
			);
			preferredProjectObjectVersion = 77;
			productRefGroup = CEEA3F162E6898E2003E9884 /* Products */;
			projectDirPath = "";
			projectRoot = "";
			targets = (
				CEEA3F142E6898E2003E9884 /* NSKTextInputHandler */,
			);
		};
/* End PBXProject section */

/* Begin PBXResourcesBuildPhase section */
		CEEA3F132E6898E2003E9884 /* Resources */ = {
			isa = PBXResourcesBuildPhase;
			buildActionMask = 2147483647;
			files = (
			);
			runOnlyForDeploymentPostprocessing = 0;
		};
/* End PBXResourcesBuildPhase section */

/* Begin PBXSourcesBuildPhase section */
		CEEA3F112E6898E2003E9884 /* Sources */ = {
			isa = PBXSourcesBuildPhase;
			buildActionMask = 2147483647;
			files = (
				CE53F5D62E6B1F0B00BAE74B /* NSKTextFieldInputHandler.swift in Sources */,
				CE53F5D72E6B1F0B00BAE74B /* NSKTextFieldDelegate.swift in Sources */,
				CE6C83A92E73210D00CB2530 /* NSKTextViewInputHandler.swift in Sources */,
				CE6C83A72E731D5D00CB2530 /* NSKTextViewDelegate.swift in Sources */,
				CED76A662E8038C400A2C7BD /* NSKTextInputInfo.swift in Sources */,
			);
			runOnlyForDeploymentPostprocessing = 0;
		};
/* End PBXSourcesBuildPhase section */

/* Begin XCBuildConfiguration section */
		CEEA3F1E2E6898E4003E9884 /* Debug */ = {
			isa = XCBuildConfiguration;
			buildSettings = {
				ALWAYS_SEARCH_USER_PATHS = NO;
				ASSETCATALOG_COMPILER_GENERATE_SWIFT_ASSET_SYMBOL_EXTENSIONS = YES;
				CLANG_ANALYZER_NONNULL = YES;
				CLANG_ANALYZER_NUMBER_OBJECT_CONVERSION = YES_AGGRESSIVE;
				CLANG_CXX_LANGUAGE_STANDARD = "gnu++20";
				CLANG_ENABLE_MODULES = YES;
				CLANG_ENABLE_OBJC_ARC = YES;
				CLANG_ENABLE_OBJC_WEAK = YES;
				CLANG_WARN_BLOCK_CAPTURE_AUTORELEASING = YES;
				CLANG_WARN_BOOL_CONVERSION = YES;
				CLANG_WARN_COMMA = YES;
				CLANG_WARN_CONSTANT_CONVERSION = YES;
				CLANG_WARN_DEPRECATED_OBJC_IMPLEMENTATIONS = YES;
				CLANG_WARN_DIRECT_OBJC_ISA_USAGE = YES_ERROR;
				CLANG_WARN_DOCUMENTATION_COMMENTS = YES;
				CLANG_WARN_EMPTY_BODY = YES;
				CLANG_WARN_ENUM_CONVERSION = YES;
				CLANG_WARN_INFINITE_RECURSION = YES;
				CLANG_WARN_INT_CONVERSION = YES;
				CLANG_WARN_NON_LITERAL_NULL_CONVERSION = YES;
				CLANG_WARN_OBJC_IMPLICIT_RETAIN_SELF = YES;
				CLANG_WARN_OBJC_LITERAL_CONVERSION = YES;
				CLANG_WARN_OBJC_ROOT_CLASS = YES_ERROR;
				CLANG_WARN_QUOTED_INCLUDE_IN_FRAMEWORK_HEADER = YES;
				CLANG_WARN_RANGE_LOOP_ANALYSIS = YES;
				CLANG_WARN_STRICT_PROTOTYPES = YES;
				CLANG_WARN_SUSPICIOUS_MOVE = YES;
				CLANG_WARN_UNGUARDED_AVAILABILITY = YES_AGGRESSIVE;
				CLANG_WARN_UNREACHABLE_CODE = YES;
				CLANG_WARN__DUPLICATE_METHOD_MATCH = YES;
				COPY_PHASE_STRIP = NO;
				DEBUG_INFORMATION_FORMAT = dwarf;
				ENABLE_STRICT_OBJC_MSGSEND = YES;
				ENABLE_TESTABILITY = YES;
				ENABLE_USER_SCRIPT_SANDBOXING = YES;
				GCC_C_LANGUAGE_STANDARD = gnu17;
				GCC_DYNAMIC_NO_PIC = NO;
				GCC_NO_COMMON_BLOCKS = YES;
				GCC_OPTIMIZATION_LEVEL = 0;
				GCC_PREPROCESSOR_DEFINITIONS = (
					"DEBUG=1",
					"$(inherited)",
				);
				GCC_WARN_64_TO_32_BIT_CONVERSION = YES;
				GCC_WARN_ABOUT_RETURN_TYPE = YES_ERROR;
				GCC_WARN_UNDECLARED_SELECTOR = YES;
				GCC_WARN_UNINITIALIZED_AUTOS = YES_AGGRESSIVE;
				GCC_WARN_UNUSED_FUNCTION = YES;
				GCC_WARN_UNUSED_VARIABLE = YES;
				IPHONEOS_DEPLOYMENT_TARGET = 18.5;
				LOCALIZATION_PREFERS_STRING_CATALOGS = YES;
				MTL_ENABLE_DEBUG_INFO = INCLUDE_SOURCE;
				MTL_FAST_MATH = YES;
				ONLY_ACTIVE_ARCH = YES;
				SDKROOT = iphoneos;
				SWIFT_ACTIVE_COMPILATION_CONDITIONS = "DEBUG $(inherited)";
				SWIFT_OPTIMIZATION_LEVEL = "-Onone";
				SWIFT_VERSION = 6.0;
			};
			name = Debug;
		};
		CEEA3F1F2E6898E4003E9884 /* Release */ = {
			isa = XCBuildConfiguration;
			buildSettings = {
				ALWAYS_SEARCH_USER_PATHS = NO;
				ASSETCATALOG_COMPILER_GENERATE_SWIFT_ASSET_SYMBOL_EXTENSIONS = YES;
				CLANG_ANALYZER_NONNULL = YES;
				CLANG_ANALYZER_NUMBER_OBJECT_CONVERSION = YES_AGGRESSIVE;
				CLANG_CXX_LANGUAGE_STANDARD = "gnu++20";
				CLANG_ENABLE_MODULES = YES;
				CLANG_ENABLE_OBJC_ARC = YES;
				CLANG_ENABLE_OBJC_WEAK = YES;
				CLANG_WARN_BLOCK_CAPTURE_AUTORELEASING = YES;
				CLANG_WARN_BOOL_CONVERSION = YES;
				CLANG_WARN_COMMA = YES;
				CLANG_WARN_CONSTANT_CONVERSION = YES;
				CLANG_WARN_DEPRECATED_OBJC_IMPLEMENTATIONS = YES;
				CLANG_WARN_DIRECT_OBJC_ISA_USAGE = YES_ERROR;
				CLANG_WARN_DOCUMENTATION_COMMENTS = YES;
				CLANG_WARN_EMPTY_BODY = YES;
				CLANG_WARN_ENUM_CONVERSION = YES;
				CLANG_WARN_INFINITE_RECURSION = YES;
				CLANG_WARN_INT_CONVERSION = YES;
				CLANG_WARN_NON_LITERAL_NULL_CONVERSION = YES;
				CLANG_WARN_OBJC_IMPLICIT_RETAIN_SELF = YES;
				CLANG_WARN_OBJC_LITERAL_CONVERSION = YES;
				CLANG_WARN_OBJC_ROOT_CLASS = YES_ERROR;
				CLANG_WARN_QUOTED_INCLUDE_IN_FRAMEWORK_HEADER = YES;
				CLANG_WARN_RANGE_LOOP_ANALYSIS = YES;
				CLANG_WARN_STRICT_PROTOTYPES = YES;
				CLANG_WARN_SUSPICIOUS_MOVE = YES;
				CLANG_WARN_UNGUARDED_AVAILABILITY = YES_AGGRESSIVE;
				CLANG_WARN_UNREACHABLE_CODE = YES;
				CLANG_WARN__DUPLICATE_METHOD_MATCH = YES;
				COPY_PHASE_STRIP = NO;
				DEBUG_INFORMATION_FORMAT = "dwarf-with-dsym";
				ENABLE_NS_ASSERTIONS = NO;
				ENABLE_STRICT_OBJC_MSGSEND = YES;
				ENABLE_USER_SCRIPT_SANDBOXING = YES;
				GCC_C_LANGUAGE_STANDARD = gnu17;
				GCC_NO_COMMON_BLOCKS = YES;
				GCC_WARN_64_TO_32_BIT_CONVERSION = YES;
				GCC_WARN_ABOUT_RETURN_TYPE = YES_ERROR;
				GCC_WARN_UNDECLARED_SELECTOR = YES;
				GCC_WARN_UNINITIALIZED_AUTOS = YES_AGGRESSIVE;
				GCC_WARN_UNUSED_FUNCTION = YES;
				GCC_WARN_UNUSED_VARIABLE = YES;
				IPHONEOS_DEPLOYMENT_TARGET = 18.5;
				LOCALIZATION_PREFERS_STRING_CATALOGS = YES;
				MTL_ENABLE_DEBUG_INFO = NO;
				MTL_FAST_MATH = YES;
				SDKROOT = iphoneos;
				SWIFT_COMPILATION_MODE = wholemodule;
				SWIFT_VERSION = 6.0;
				VALIDATE_PRODUCT = YES;
			};
			name = Release;
		};
		CEEA3F212E6898E4003E9884 /* Debug */ = {
			isa = XCBuildConfiguration;
			buildSettings = {
				ASSETCATALOG_COMPILER_APPICON_NAME = AppIcon;
				ASSETCATALOG_COMPILER_GLOBAL_ACCENT_COLOR_NAME = AccentColor;
				CODE_SIGN_STYLE = Automatic;
				CURRENT_PROJECT_VERSION = 1;
				ENABLE_PREVIEWS = YES;
				GENERATE_INFOPLIST_FILE = YES;
				INFOPLIST_KEY_UIApplicationSceneManifest_Generation = YES;
				INFOPLIST_KEY_UIApplicationSupportsIndirectInputEvents = YES;
				INFOPLIST_KEY_UILaunchScreen_Generation = YES;
				INFOPLIST_KEY_UISupportedInterfaceOrientations_iPad = "UIInterfaceOrientationPortrait UIInterfaceOrientationPortraitUpsideDown UIInterfaceOrientationLandscapeLeft UIInterfaceOrientationLandscapeRight";
				INFOPLIST_KEY_UISupportedInterfaceOrientations_iPhone = "UIInterfaceOrientationPortrait UIInterfaceOrientationLandscapeLeft UIInterfaceOrientationLandscapeRight";
				IPHONEOS_DEPLOYMENT_TARGET = 15.6;
				LD_RUNPATH_SEARCH_PATHS = (
					"$(inherited)",
					"@executable_path/Frameworks",
				);
				MARKETING_VERSION = 1.0;
				PRODUCT_BUNDLE_IDENTIFIER = NSSimpleApps.NSKTextInputHandler;
				PRODUCT_NAME = "$(TARGET_NAME)";
				SUPPORTED_PLATFORMS = "iphoneos iphonesimulator";
				SUPPORTS_MACCATALYST = NO;
				SUPPORTS_MAC_DESIGNED_FOR_IPHONE_IPAD = NO;
				SUPPORTS_XR_DESIGNED_FOR_IPHONE_IPAD = NO;
				SWIFT_EMIT_LOC_STRINGS = YES;
				TARGETED_DEVICE_FAMILY = "1,2";
			};
			name = Debug;
		};
		CEEA3F222E6898E4003E9884 /* Release */ = {
			isa = XCBuildConfiguration;
			buildSettings = {
				ASSETCATALOG_COMPILER_APPICON_NAME = AppIcon;
				ASSETCATALOG_COMPILER_GLOBAL_ACCENT_COLOR_NAME = AccentColor;
				CODE_SIGN_STYLE = Automatic;
				CURRENT_PROJECT_VERSION = 1;
				ENABLE_PREVIEWS = YES;
				GENERATE_INFOPLIST_FILE = YES;
				INFOPLIST_KEY_UIApplicationSceneManifest_Generation = YES;
				INFOPLIST_KEY_UIApplicationSupportsIndirectInputEvents = YES;
				INFOPLIST_KEY_UILaunchScreen_Generation = YES;
				INFOPLIST_KEY_UISupportedInterfaceOrientations_iPad = "UIInterfaceOrientationPortrait UIInterfaceOrientationPortraitUpsideDown UIInterfaceOrientationLandscapeLeft UIInterfaceOrientationLandscapeRight";
				INFOPLIST_KEY_UISupportedInterfaceOrientations_iPhone = "UIInterfaceOrientationPortrait UIInterfaceOrientationLandscapeLeft UIInterfaceOrientationLandscapeRight";
				IPHONEOS_DEPLOYMENT_TARGET = 15.6;
				LD_RUNPATH_SEARCH_PATHS = (
					"$(inherited)",
					"@executable_path/Frameworks",
				);
				MARKETING_VERSION = 1.0;
				PRODUCT_BUNDLE_IDENTIFIER = NSSimpleApps.NSKTextInputHandler;
				PRODUCT_NAME = "$(TARGET_NAME)";
				SUPPORTED_PLATFORMS = "iphoneos iphonesimulator";
				SUPPORTS_MACCATALYST = NO;
				SUPPORTS_MAC_DESIGNED_FOR_IPHONE_IPAD = NO;
				SUPPORTS_XR_DESIGNED_FOR_IPHONE_IPAD = NO;
				SWIFT_EMIT_LOC_STRINGS = YES;
				TARGETED_DEVICE_FAMILY = "1,2";
			};
			name = Release;
		};
/* End XCBuildConfiguration section */

/* Begin XCConfigurationList section */
		CEEA3F102E6898E2003E9884 /* Build configuration list for PBXProject "NSKTextInputHandler" */ = {
			isa = XCConfigurationList;
			buildConfigurations = (
				CEEA3F1E2E6898E4003E9884 /* Debug */,
				CEEA3F1F2E6898E4003E9884 /* Release */,
			);
			defaultConfigurationIsVisible = 0;
			defaultConfigurationName = Release;
		};
		CEEA3F202E6898E4003E9884 /* Build configuration list for PBXNativeTarget "NSKTextInputHandler" */ = {
			isa = XCConfigurationList;
			buildConfigurations = (
				CEEA3F212E6898E4003E9884 /* Debug */,
				CEEA3F222E6898E4003E9884 /* Release */,
			);
			defaultConfigurationIsVisible = 0;
			defaultConfigurationName = Release;
		};
/* End XCConfigurationList section */

/* Begin XCRemoteSwiftPackageReference section */
		CEEA3F472E689A6F003E9884 /* XCRemoteSwiftPackageReference "swiftui-introspect" */ = {
			isa = XCRemoteSwiftPackageReference;
			repositoryURL = "https://github.com/siteline/swiftui-introspect/";
			requirement = {
				kind = exactVersion;
				version = 26.0.0;
			};
		};
/* End XCRemoteSwiftPackageReference section */

/* Begin XCSwiftPackageProductDependency section */
		CEEA3F4A2E689A6F003E9884 /* SwiftUIIntrospect-Dynamic */ = {
			isa = XCSwiftPackageProductDependency;
			package = CEEA3F472E689A6F003E9884 /* XCRemoteSwiftPackageReference "swiftui-introspect" */;
			productName = "SwiftUIIntrospect-Dynamic";
		};
/* End XCSwiftPackageProductDependency section */
	};
	rootObject = CEEA3F0D2E6898E2003E9884 /* Project object */;
}
